// !$*UTF8*$!
{
	archiveVersion = 1;
	classes = {
	};
	objectVersion = 48;
	objects = {

/* Begin PBXBuildFile section */
		55A2DDA1B1F6B8C0C7D00196 /* Pods_GiphyPresenter.framework in Frameworks */ = {isa = PBXBuildFile; fileRef = 0B43EB4280DDCC2E25150D0C /* Pods_GiphyPresenter.framework */; };
		5AA6734C2039BEC100D64883 /* CollectionViewLayouts.swift in Sources */ = {isa = PBXBuildFile; fileRef = 5AA6734B2039BEC100D64883 /* CollectionViewLayouts.swift */; };
		5AD01C6B203998B2001C399D /* AppDelegate.swift in Sources */ = {isa = PBXBuildFile; fileRef = 5AD01C6A203998B2001C399D /* AppDelegate.swift */; };
		5AD01C6D203998B2001C399D /* ViewController.swift in Sources */ = {isa = PBXBuildFile; fileRef = 5AD01C6C203998B2001C399D /* ViewController.swift */; };
		5AD01C72203998B2001C399D /* Assets.xcassets in Resources */ = {isa = PBXBuildFile; fileRef = 5AD01C71203998B2001C399D /* Assets.xcassets */; };
		5AD01C75203998B2001C399D /* LaunchScreen.storyboard in Resources */ = {isa = PBXBuildFile; fileRef = 5AD01C73203998B2001C399D /* LaunchScreen.storyboard */; };
		5AD01C84203998C8001C399D /* NetworkLayer.swift in Sources */ = {isa = PBXBuildFile; fileRef = 5AD01C80203998C8001C399D /* NetworkLayer.swift */; };
		5AD01C872039990D001C399D /* Main.storyboard in Resources */ = {isa = PBXBuildFile; fileRef = 5AD01C862039990D001C399D /* Main.storyboard */; };
		5AD01CAA2039ACA0001C399D /* GiphyCollectionViewCell.swift in Sources */ = {isa = PBXBuildFile; fileRef = 5AD01CA92039ACA0001C399D /* GiphyCollectionViewCell.swift */; };
		5AE45B4E203A2B5A00E3A141 /* RuntimeStorage.swift in Sources */ = {isa = PBXBuildFile; fileRef = 5AE45B4D203A2B5A00E3A141 /* RuntimeStorage.swift */; };
/* End PBXBuildFile section */

/* Begin PBXFileReference section */
		0B43EB4280DDCC2E25150D0C /* Pods_GiphyPresenter.framework */ = {isa = PBXFileReference; explicitFileType = wrapper.framework; includeInIndex = 0; path = Pods_GiphyPresenter.framework; sourceTree = BUILT_PRODUCTS_DIR; };
		168F80FE0D859EB03E6046E5 /* Pods-GiphyPresenter.release.xcconfig */ = {isa = PBXFileReference; includeInIndex = 1; lastKnownFileType = text.xcconfig; name = "Pods-GiphyPresenter.release.xcconfig"; path = "Pods/Target Support Files/Pods-GiphyPresenter/Pods-GiphyPresenter.release.xcconfig"; sourceTree = "<group>"; };
		5AA6734B2039BEC100D64883 /* CollectionViewLayouts.swift */ = {isa = PBXFileReference; lastKnownFileType = sourcecode.swift; path = CollectionViewLayouts.swift; sourceTree = "<group>"; };
		5AD01C67203998B2001C399D /* GiphyPresenter.app */ = {isa = PBXFileReference; explicitFileType = wrapper.application; includeInIndex = 0; path = GiphyPresenter.app; sourceTree = BUILT_PRODUCTS_DIR; };
		5AD01C6A203998B2001C399D /* AppDelegate.swift */ = {isa = PBXFileReference; lastKnownFileType = sourcecode.swift; path = AppDelegate.swift; sourceTree = "<group>"; };
		5AD01C6C203998B2001C399D /* ViewController.swift */ = {isa = PBXFileReference; lastKnownFileType = sourcecode.swift; path = ViewController.swift; sourceTree = "<group>"; };
		5AD01C71203998B2001C399D /* Assets.xcassets */ = {isa = PBXFileReference; lastKnownFileType = folder.assetcatalog; path = Assets.xcassets; sourceTree = "<group>"; };
		5AD01C74203998B2001C399D /* Base */ = {isa = PBXFileReference; lastKnownFileType = file.storyboard; name = Base; path = Base.lproj/LaunchScreen.storyboard; sourceTree = "<group>"; };
		5AD01C76203998B2001C399D /* Info.plist */ = {isa = PBXFileReference; lastKnownFileType = text.plist.xml; path = Info.plist; sourceTree = "<group>"; };
		5AD01C80203998C8001C399D /* NetworkLayer.swift */ = {isa = PBXFileReference; fileEncoding = 4; lastKnownFileType = sourcecode.swift; path = NetworkLayer.swift; sourceTree = "<group>"; };
		5AD01C862039990D001C399D /* Main.storyboard */ = {isa = PBXFileReference; fileEncoding = 4; lastKnownFileType = file.storyboard; path = Main.storyboard; sourceTree = "<group>"; };
		5AD01C8820399B3A001C399D /* GiphyPresenter-Bridging-Header.h */ = {isa = PBXFileReference; lastKnownFileType = sourcecode.c.h; path = "GiphyPresenter-Bridging-Header.h"; sourceTree = "<group>"; };
		5AD01CA92039ACA0001C399D /* GiphyCollectionViewCell.swift */ = {isa = PBXFileReference; lastKnownFileType = sourcecode.swift; path = GiphyCollectionViewCell.swift; sourceTree = "<group>"; };
		5AE45B4D203A2B5A00E3A141 /* RuntimeStorage.swift */ = {isa = PBXFileReference; fileEncoding = 4; lastKnownFileType = sourcecode.swift; path = RuntimeStorage.swift; sourceTree = "<group>"; };
		BF712895BE193759AFB502B7 /* Pods-GiphyPresenter.debug.xcconfig */ = {isa = PBXFileReference; includeInIndex = 1; lastKnownFileType = text.xcconfig; name = "Pods-GiphyPresenter.debug.xcconfig"; path = "Pods/Target Support Files/Pods-GiphyPresenter/Pods-GiphyPresenter.debug.xcconfig"; sourceTree = "<group>"; };
/* End PBXFileReference section */

/* Begin PBXFrameworksBuildPhase section */
		5AD01C64203998B2001C399D /* Frameworks */ = {
			isa = PBXFrameworksBuildPhase;
			buildActionMask = 2147483647;
			files = (
				55A2DDA1B1F6B8C0C7D00196 /* Pods_GiphyPresenter.framework in Frameworks */,
			);
			runOnlyForDeploymentPostprocessing = 0;
		};
/* End PBXFrameworksBuildPhase section */

/* Begin PBXGroup section */
		11D58D16AAAD575C4C2B4CDE /* Pods */ = {
			isa = PBXGroup;
			children = (
				BF712895BE193759AFB502B7 /* Pods-GiphyPresenter.debug.xcconfig */,
				168F80FE0D859EB03E6046E5 /* Pods-GiphyPresenter.release.xcconfig */,
			);
			name = Pods;
			sourceTree = "<group>";
		};
		5AD01C5E203998B2001C399D = {
			isa = PBXGroup;
			children = (
				5AD01C69203998B2001C399D /* GiphyPresenter */,
				5AD01C68203998B2001C399D /* Products */,
				11D58D16AAAD575C4C2B4CDE /* Pods */,
				B141C5CF54A5CAF61E459A26 /* Frameworks */,
			);
			sourceTree = "<group>";
		};
		5AD01C68203998B2001C399D /* Products */ = {
			isa = PBXGroup;
			children = (
				5AD01C67203998B2001C399D /* GiphyPresenter.app */,
			);
			name = Products;
			sourceTree = "<group>";
		};
		5AD01C69203998B2001C399D /* GiphyPresenter */ = {
			isa = PBXGroup;
			children = (
				5AD01C7F203998C8001C399D /* Model */,
				5AD01C81203998C8001C399D /* View */,
				5AD01C7C203998C8001C399D /* ViewControllers */,
				5AD01C6A203998B2001C399D /* AppDelegate.swift */,
				5AD01C71203998B2001C399D /* Assets.xcassets */,
				5AD01C73203998B2001C399D /* LaunchScreen.storyboard */,
				5AD01C76203998B2001C399D /* Info.plist */,
				5AD01C8820399B3A001C399D /* GiphyPresenter-Bridging-Header.h */,
			);
			path = GiphyPresenter;
			sourceTree = "<group>";
		};
		5AD01C7C203998C8001C399D /* ViewControllers */ = {
			isa = PBXGroup;
			children = (
				5AD01C6C203998B2001C399D /* ViewController.swift */,
				5AA6734B2039BEC100D64883 /* CollectionViewLayouts.swift */,
				5AD01C7E203998C8001C399D /* Stroryboards */,
			);
			path = ViewControllers;
			sourceTree = "<group>";
		};
		5AD01C7E203998C8001C399D /* Stroryboards */ = {
			isa = PBXGroup;
			children = (
				5AD01C862039990D001C399D /* Main.storyboard */,
			);
			path = Stroryboards;
			sourceTree = "<group>";
		};
		5AD01C7F203998C8001C399D /* Model */ = {
			isa = PBXGroup;
			children = (
				5AD01C80203998C8001C399D /* NetworkLayer.swift */,
				5AE45B4D203A2B5A00E3A141 /* RuntimeStorage.swift */,
			);
			path = Model;
			sourceTree = "<group>";
		};
		5AD01C81203998C8001C399D /* View */ = {
			isa = PBXGroup;
			children = (
				5AD01CA92039ACA0001C399D /* GiphyCollectionViewCell.swift */,
			);
			path = View;
			sourceTree = "<group>";
		};
		B141C5CF54A5CAF61E459A26 /* Frameworks */ = {
			isa = PBXGroup;
			children = (
				0B43EB4280DDCC2E25150D0C /* Pods_GiphyPresenter.framework */,
			);
			name = Frameworks;
			sourceTree = "<group>";
		};
/* End PBXGroup section */

/* Begin PBXNativeTarget section */
		5AD01C66203998B2001C399D /* GiphyPresenter */ = {
			isa = PBXNativeTarget;
			buildConfigurationList = 5AD01C79203998B2001C399D /* Build configuration list for PBXNativeTarget "GiphyPresenter" */;
			buildPhases = (
				851F5D7842BA9527CF25018F /* [CP] Check Pods Manifest.lock */,
				5AD01C63203998B2001C399D /* Sources */,
				5AD01C64203998B2001C399D /* Frameworks */,
				5AD01C65203998B2001C399D /* Resources */,
				0223D7FFD013DF00F03847EE /* [CP] Embed Pods Frameworks */,
				62C6A2DDDE642FA5E031B390 /* [CP] Copy Pods Resources */,
			);
			buildRules = (
			);
			dependencies = (
			);
			name = GiphyPresenter;
			productName = GiphyPresenter;
			productReference = 5AD01C67203998B2001C399D /* GiphyPresenter.app */;
			productType = "com.apple.product-type.application";
		};
/* End PBXNativeTarget section */

/* Begin PBXProject section */
		5AD01C5F203998B2001C399D /* Project object */ = {
			isa = PBXProject;
			attributes = {
				LastSwiftUpdateCheck = 0920;
				LastUpgradeCheck = 0920;
				ORGANIZATIONNAME = Eugeniya;
				TargetAttributes = {
					5AD01C66203998B2001C399D = {
						CreatedOnToolsVersion = 9.2;
						LastSwiftMigration = 0920;
						ProvisioningStyle = Automatic;
					};
				};
			};
			buildConfigurationList = 5AD01C62203998B2001C399D /* Build configuration list for PBXProject "GiphyPresenter" */;
			compatibilityVersion = "Xcode 8.0";
			developmentRegion = en;
			hasScannedForEncodings = 0;
			knownRegions = (
				en,
				Base,
			);
			mainGroup = 5AD01C5E203998B2001C399D;
			productRefGroup = 5AD01C68203998B2001C399D /* Products */;
			projectDirPath = "";
			projectRoot = "";
			targets = (
				5AD01C66203998B2001C399D /* GiphyPresenter */,
			);
		};
/* End PBXProject section */

/* Begin PBXResourcesBuildPhase section */
		5AD01C65203998B2001C399D /* Resources */ = {
			isa = PBXResourcesBuildPhase;
			buildActionMask = 2147483647;
			files = (
				5AD01C872039990D001C399D /* Main.storyboard in Resources */,
				5AD01C75203998B2001C399D /* LaunchScreen.storyboard in Resources */,
				5AD01C72203998B2001C399D /* Assets.xcassets in Resources */,
			);
			runOnlyForDeploymentPostprocessing = 0;
		};
/* End PBXResourcesBuildPhase section */

/* Begin PBXShellScriptBuildPhase section */
		0223D7FFD013DF00F03847EE /* [CP] Embed Pods Frameworks */ = {
			isa = PBXShellScriptBuildPhase;
			buildActionMask = 2147483647;
			files = (
			);
			inputPaths = (
				"${SRCROOT}/Pods/Target Support Files/Pods-GiphyPresenter/Pods-GiphyPresenter-frameworks.sh",
				"${BUILT_PRODUCTS_DIR}/AFNetworking/AFNetworking.framework",
				"${BUILT_PRODUCTS_DIR}/FLAnimatedImage/FLAnimatedImage.framework",
				"${BUILT_PRODUCTS_DIR}/Giphy-iOS/Giphy_iOS.framework",
				"${BUILT_PRODUCTS_DIR}/MBProgressHUD/MBProgressHUD.framework",
			);
			name = "[CP] Embed Pods Frameworks";
			outputPaths = (
				"${TARGET_BUILD_DIR}/${FRAMEWORKS_FOLDER_PATH}/AFNetworking.framework",
				"${TARGET_BUILD_DIR}/${FRAMEWORKS_FOLDER_PATH}/FLAnimatedImage.framework",
				"${TARGET_BUILD_DIR}/${FRAMEWORKS_FOLDER_PATH}/Giphy_iOS.framework",
				"${TARGET_BUILD_DIR}/${FRAMEWORKS_FOLDER_PATH}/MBProgressHUD.framework",
			);
			runOnlyForDeploymentPostprocessing = 0;
			shellPath = /bin/sh;
			shellScript = "\"${SRCROOT}/Pods/Target Support Files/Pods-GiphyPresenter/Pods-GiphyPresenter-frameworks.sh\"\n";
			showEnvVarsInLog = 0;
		};
		62C6A2DDDE642FA5E031B390 /* [CP] Copy Pods Resources */ = {
			isa = PBXShellScriptBuildPhase;
			buildActionMask = 2147483647;
			files = (
			);
			inputPaths = (
			);
			name = "[CP] Copy Pods Resources";
			outputPaths = (
			);
			runOnlyForDeploymentPostprocessing = 0;
			shellPath = /bin/sh;
			shellScript = "\"${SRCROOT}/Pods/Target Support Files/Pods-GiphyPresenter/Pods-GiphyPresenter-resources.sh\"\n";
			showEnvVarsInLog = 0;
		};
		851F5D7842BA9527CF25018F /* [CP] Check Pods Manifest.lock */ = {
			isa = PBXShellScriptBuildPhase;
			buildActionMask = 2147483647;
			files = (
			);
			inputPaths = (
				"${PODS_PODFILE_DIR_PATH}/Podfile.lock",
				"${PODS_ROOT}/Manifest.lock",
			);
			name = "[CP] Check Pods Manifest.lock";
			outputPaths = (
				"$(DERIVED_FILE_DIR)/Pods-GiphyPresenter-checkManifestLockResult.txt",
			);
			runOnlyForDeploymentPostprocessing = 0;
			shellPath = /bin/sh;
			shellScript = "diff \"${PODS_PODFILE_DIR_PATH}/Podfile.lock\" \"${PODS_ROOT}/Manifest.lock\" > /dev/null\nif [ $? != 0 ] ; then\n    # print error to STDERR\n    echo \"error: The sandbox is not in sync with the Podfile.lock. Run 'pod install' or update your CocoaPods installation.\" >&2\n    exit 1\nfi\n# This output is used by Xcode 'outputs' to avoid re-running this script phase.\necho \"SUCCESS\" > \"${SCRIPT_OUTPUT_FILE_0}\"\n";
			showEnvVarsInLog = 0;
		};
/* End PBXShellScriptBuildPhase section */

/* Begin PBXSourcesBuildPhase section */
		5AD01C63203998B2001C399D /* Sources */ = {
			isa = PBXSourcesBuildPhase;
			buildActionMask = 2147483647;
			files = (
				5AA6734C2039BEC100D64883 /* CollectionViewLayouts.swift in Sources */,
				5AD01CAA2039ACA0001C399D /* GiphyCollectionViewCell.swift in Sources */,
				5AE45B4E203A2B5A00E3A141 /* RuntimeStorage.swift in Sources */,
				5AD01C84203998C8001C399D /* NetworkLayer.swift in Sources */,
				5AD01C6D203998B2001C399D /* ViewController.swift in Sources */,
				5AD01C6B203998B2001C399D /* AppDelegate.swift in Sources */,
			);
			runOnlyForDeploymentPostprocessing = 0;
		};
/* End PBXSourcesBuildPhase section */

/* Begin PBXVariantGroup section */
		5AD01C73203998B2001C399D /* LaunchScreen.storyboard */ = {
			isa = PBXVariantGroup;
			children = (
				5AD01C74203998B2001C399D /* Base */,
			);
			name = LaunchScreen.storyboard;
			sourceTree = "<group>";
		};
/* End PBXVariantGroup section */

/* Begin XCBuildConfiguration section */
		5AD01C77203998B2001C399D /* Debug */ = {
			isa = XCBuildConfiguration;
			buildSettings = {
				ALWAYS_SEARCH_USER_PATHS = NO;
				CLANG_ANALYZER_NONNULL = YES;
				CLANG_ANALYZER_NUMBER_OBJECT_CONVERSION = YES_AGGRESSIVE;
				CLANG_CXX_LANGUAGE_STANDARD = "gnu++14";
				CLANG_CXX_LIBRARY = "libc++";
				CLANG_ENABLE_MODULES = YES;
				CLANG_ENABLE_OBJC_ARC = YES;
				CLANG_WARN_BLOCK_CAPTURE_AUTORELEASING = YES;
				CLANG_WARN_BOOL_CONVERSION = YES;
				CLANG_WARN_COMMA = YES;
				CLANG_WARN_CONSTANT_CONVERSION = YES;
				CLANG_WARN_DIRECT_OBJC_ISA_USAGE = YES_ERROR;
				CLANG_WARN_DOCUMENTATION_COMMENTS = YES;
				CLANG_WARN_EMPTY_BODY = YES;
				CLANG_WARN_ENUM_CONVERSION = YES;
				CLANG_WARN_INFINITE_RECURSION = YES;
				CLANG_WARN_INT_CONVERSION = YES;
				CLANG_WARN_NON_LITERAL_NULL_CONVERSION = YES;
				CLANG_WARN_OBJC_LITERAL_CONVERSION = YES;
				CLANG_WARN_OBJC_ROOT_CLASS = YES_ERROR;
				CLANG_WARN_RANGE_LOOP_ANALYSIS = YES;
				CLANG_WARN_STRICT_PROTOTYPES = YES;
				CLANG_WARN_SUSPICIOUS_MOVE = YES;
				CLANG_WARN_UNGUARDED_AVAILABILITY = YES_AGGRESSIVE;
				CLANG_WARN_UNREACHABLE_CODE = YES;
				CLANG_WARN__DUPLICATE_METHOD_MATCH = YES;
				CODE_SIGN_IDENTITY = "iPhone Developer";
				COPY_PHASE_STRIP = NO;
				DEBUG_INFORMATION_FORMAT = dwarf;
				ENABLE_STRICT_OBJC_MSGSEND = YES;
				ENABLE_TESTABILITY = YES;
				GCC_C_LANGUAGE_STANDARD = gnu11;
				GCC_DYNAMIC_NO_PIC = NO;
				GCC_NO_COMMON_BLOCKS = YES;
				GCC_OPTIMIZATION_LEVEL = 0;
				GCC_PREPROCESSOR_DEFINITIONS = (
					"DEBUG=1",
					"$(inherited)",
				);
				GCC_WARN_64_TO_32_BIT_CONVERSION = YES;
				GCC_WARN_ABOUT_RETURN_TYPE = YES_ERROR;
				GCC_WARN_UNDECLARED_SELECTOR = YES;
				GCC_WARN_UNINITIALIZED_AUTOS = YES_AGGRESSIVE;
				GCC_WARN_UNUSED_FUNCTION = YES;
				GCC_WARN_UNUSED_VARIABLE = YES;
				IPHONEOS_DEPLOYMENT_TARGET = 11.2;
				MTL_ENABLE_DEBUG_INFO = YES;
				ONLY_ACTIVE_ARCH = YES;
				SDKROOT = iphoneos;
				SWIFT_ACTIVE_COMPILATION_CONDITIONS = DEBUG;
				SWIFT_OPTIMIZATION_LEVEL = "-Onone";
			};
			name = Debug;
		};
		5AD01C78203998B2001C399D /* Release */ = {
			isa = XCBuildConfiguration;
			buildSettings = {
				ALWAYS_SEARCH_USER_PATHS = NO;
				CLANG_ANALYZER_NONNULL = YES;
				CLANG_ANALYZER_NUMBER_OBJECT_CONVERSION = YES_AGGRESSIVE;
				CLANG_CXX_LANGUAGE_STANDARD = "gnu++14";
				CLANG_CXX_LIBRARY = "libc++";
				CLANG_ENABLE_MODULES = YES;
				CLANG_ENABLE_OBJC_ARC = YES;
				CLANG_WARN_BLOCK_CAPTURE_AUTORELEASING = YES;
				CLANG_WARN_BOOL_CONVERSION = YES;
				CLANG_WARN_COMMA = YES;
				CLANG_WARN_CONSTANT_CONVERSION = YES;
				CLANG_WARN_DIRECT_OBJC_ISA_USAGE = YES_ERROR;
				CLANG_WARN_DOCUMENTATION_COMMENTS = YES;
				CLANG_WARN_EMPTY_BODY = YES;
				CLANG_WARN_ENUM_CONVERSION = YES;
				CLANG_WARN_INFINITE_RECURSION = YES;
				CLANG_WARN_INT_CONVERSION = YES;
				CLANG_WARN_NON_LITERAL_NULL_CONVERSION = YES;
				CLANG_WARN_OBJC_LITERAL_CONVERSION = YES;
				CLANG_WARN_OBJC_ROOT_CLASS = YES_ERROR;
				CLANG_WARN_RANGE_LOOP_ANALYSIS = YES;
				CLANG_WARN_STRICT_PROTOTYPES = YES;
				CLANG_WARN_SUSPICIOUS_MOVE = YES;
				CLANG_WARN_UNGUARDED_AVAILABILITY = YES_AGGRESSIVE;
				CLANG_WARN_UNREACHABLE_CODE = YES;
				CLANG_WARN__DUPLICATE_METHOD_MATCH = YES;
				CODE_SIGN_IDENTITY = "iPhone Developer";
				COPY_PHASE_STRIP = NO;
				DEBUG_INFORMATION_FORMAT = "dwarf-with-dsym";
				ENABLE_NS_ASSERTIONS = NO;
				ENABLE_STRICT_OBJC_MSGSEND = YES;
				GCC_C_LANGUAGE_STANDARD = gnu11;
				GCC_NO_COMMON_BLOCKS = YES;
				GCC_WARN_64_TO_32_BIT_CONVERSION = YES;
				GCC_WARN_ABOUT_RETURN_TYPE = YES_ERROR;
				GCC_WARN_UNDECLARED_SELECTOR = YES;
				GCC_WARN_UNINITIALIZED_AUTOS = YES_AGGRESSIVE;
				GCC_WARN_UNUSED_FUNCTION = YES;
				GCC_WARN_UNUSED_VARIABLE = YES;
				IPHONEOS_DEPLOYMENT_TARGET = 11.2;
				MTL_ENABLE_DEBUG_INFO = NO;
				SDKROOT = iphoneos;
				SWIFT_OPTIMIZATION_LEVEL = "-Owholemodule";
				VALIDATE_PRODUCT = YES;
			};
			name = Release;
		};
		5AD01C7A203998B2001C399D /* Debug */ = {
			isa = XCBuildConfiguration;
			baseConfigurationReference = BF712895BE193759AFB502B7 /* Pods-GiphyPresenter.debug.xcconfig */;
			buildSettings = {
				ASSETCATALOG_COMPILER_APPICON_NAME = AppIcon;
				CLANG_ENABLE_MODULES = YES;
				CODE_SIGN_STYLE = Automatic;
				DEVELOPMENT_TEAM = MPYKH36L2U;
				INFOPLIST_FILE = GiphyPresenter/Info.plist;
				IPHONEOS_DEPLOYMENT_TARGET = 10.3;
				LD_RUNPATH_SEARCH_PATHS = "$(inherited) @executable_path/Frameworks";
				OTHER_LDFLAGS = (
					"$(inherited)",
					"-framework",
					"\"AFNetworking\"",
					"-framework",
					"\"Giphy_iOS\"",
					"-ObjC",
				);
				PRODUCT_BUNDLE_IDENTIFIER = GR.GiphyPresenter;
				PRODUCT_NAME = "$(TARGET_NAME)";
				SDKROOT = iphoneos;
				SWIFT_OBJC_BRIDGING_HEADER = "GiphyPresenter/GiphyPresenter-Bridging-Header.h";
				SWIFT_OPTIMIZATION_LEVEL = "-Onone";
				SWIFT_VERSION = 4.0;
				TARGETED_DEVICE_FAMILY = "1,2";
			};
			name = Debug;
		};
		5AD01C7B203998B2001C399D /* Release */ = {
			isa = XCBuildConfiguration;
			baseConfigurationReference = 168F80FE0D859EB03E6046E5 /* Pods-GiphyPresenter.release.xcconfig */;
			buildSettings = {
				ASSETCATALOG_COMPILER_APPICON_NAME = AppIcon;
				CLANG_ENABLE_MODULES = YES;
				CODE_SIGN_STYLE = Automatic;
				DEVELOPMENT_TEAM = MPYKH36L2U;
				INFOPLIST_FILE = GiphyPresenter/Info.plist;
				IPHONEOS_DEPLOYMENT_TARGET = 10.3;
				LD_RUNPATH_SEARCH_PATHS = "$(inherited) @executable_path/Frameworks";
				OTHER_LDFLAGS = (
					"$(inherited)",
					"-framework",
					"\"AFNetworking\"",
					"-framework",
					"\"Giphy_iOS\"",
					"-ObjC",
				);
				PRODUCT_BUNDLE_IDENTIFIER = GR.GiphyPresenter;
				PRODUCT_NAME = "$(TARGET_NAME)";
				SDKROOT = iphoneos;
				SWIFT_OBJC_BRIDGING_HEADER = "GiphyPresenter/GiphyPresenter-Bridging-Header.h";
				SWIFT_VERSION = 4.0;
				TARGETED_DEVICE_FAMILY = "1,2";
			};
			name = Release;
		};
/* End XCBuildConfiguration section */

/* Begin XCConfigurationList section */
		5AD01C62203998B2001C399D /* Build configuration list for PBXProject "GiphyPresenter" */ = {
			isa = XCConfigurationList;
			buildConfigurations = (
				5AD01C77203998B2001C399D /* Debug */,
				5AD01C78203998B2001C399D /* Release */,
			);
			defaultConfigurationIsVisible = 0;
			defaultConfigurationName = Release;
		};
		5AD01C79203998B2001C399D /* Build configuration list for PBXNativeTarget "GiphyPresenter" */ = {
			isa = XCConfigurationList;
			buildConfigurations = (
				5AD01C7A203998B2001C399D /* Debug */,
				5AD01C7B203998B2001C399D /* Release */,
			);
			defaultConfigurationIsVisible = 0;
			defaultConfigurationName = Release;
		};
/* End XCConfigurationList section */
	};
	rootObject = 5AD01C5F203998B2001C399D /* Project object */;
}
